<Solution>
  <Folder Name="/Solution Items/">
    <File Path="../.gitignore" />
    <File Path="../README.md" />
  </Folder>
  
  <Folder Name="/Years/">
    <Project Path="years/2015/2015.csproj" />
    <Project Path="years/2021/2021.csproj" />
    <Project Path="years/2022/2022.csproj" />
    <Project Path="years/2023/2023.csproj" />
    <Project Path="years/2024/2024.csproj" />
    <Project Path="years/2025/2025.csproj" />

    <Project Path="years/AdventOfCode.Commons/AdventOfCode.Commons.csproj" />
    <Project Path="years/AdventOfCode.Utils/AdventOfCode.Utils.csproj" />
  </Folder>
</Solution>
